
Microsoft Visual Studio Solution File, Format Version 12.00
# Visual Studio Version 16
VisualStudioVersion = 16.0.31105.61
MinimumVisualStudioVersion = 10.0.40219.1
Project("{FAE04EC0-301F-11D3-BF4B-00C04F79EFBC}") = "Room Calculator", "Room Calculator\Room Calculator.csproj", "{6DFC5B1F-B056-4AA3-AEA9-53FD06B95CE9}"
EndProject
Global
	GlobalSection(SolutionConfigurationPlatforms) = preSolution
		Debug|Any CPU = Debug|Any CPU
		Release|Any CPU = Release|Any CPU
	EndGlobalSection
	GlobalSection(ProjectConfigurationPlatforms) = postSolution
		{6DFC5B1F-B056-4AA3-AEA9-53FD06B95CE9}.Debug|Any CPU.ActiveCfg = Debug|Any CPU
		{6DFC5B1F-B056-4AA3-AEA9-53FD06B95CE9}.Debug|Any CPU.Build.0 = Debug|Any CPU
		{6DFC5B1F-B056-4AA3-AEA9-53FD06B95CE9}.Release|Any CPU.ActiveCfg = Release|Any CPU
		{6DFC5B1F-B056-4AA3-AEA9-53FD06B95CE9}.Release|Any CPU.Build.0 = Release|Any CPU
	EndGlobalSection
	GlobalSection(SolutionProperties) = preSolution
		HideSolutionNode = FALSE
	EndGlobalSection
	GlobalSection(ExtensibilityGlobals) = postSolution
		SolutionGuid = {632A3570-45D3-473E-B474-8206E525D5B9}
	EndGlobalSection
EndGlobal
